
Microsoft Visual Studio Solution File, Format Version 12.00
# Visual Studio Version 16
VisualStudioVersion = 16.0.29609.76
MinimumVisualStudioVersion = 10.0.40219.1
Project("{2150E333-8FDC-42A3-9474-1A3956D46DE8}") = "Test", "Test", "{1B161079-2A76-4ADF-843E-6A0189131B09}"
EndProject
Project("{9A19103F-16F7-4668-BE54-9A1E7A4F7556}") = "Test", "Test\Test.csproj", "{1CB6A77F-8BA8-443B-97E5-11E6CADBA8B7}"
EndProject
Project("{9A19103F-16F7-4668-BE54-9A1E7A4F7556}") = "Test.Activities", "Test.Activities\Test.Activities.csproj", "{87182C26-9E39-4E62-8267-812A505943A0}"
EndProject
Project("{9A19103F-16F7-4668-BE54-9A1E7A4F7556}") = "Test.Activities.Design", "Test.Activities.Design\Test.Activities.Design.csproj", "{08AF02CF-4C7E-4322-885C-0A6C71336249}"
EndProject
Project("{2150E333-8FDC-42A3-9474-1A3956D46DE8}") = "Shared", "Shared", "{9C5C9779-D586-4173-A281-879F30176288}"
EndProject
Project("{D954291E-2A0B-460D-934E-DC6B0785DB48}") = "UiPath.Shared.Activities", "..\Shared\UiPath.Shared.Activities\UiPath.Shared.Activities.shproj", "{4546856D-EA50-45C6-9419-EEEACB5A80AA}"
EndProject
Project("{D954291E-2A0B-460D-934E-DC6B0785DB48}") = "UiPath.Shared.Activities.Design", "..\Shared\UiPath.Shared.Activities.Design\UiPath.Shared.Activities.Design.shproj", "{DF9C43F0-ADD3-4FBF-995E-84B92F9CBF25}"
EndProject
Project("{2150E333-8FDC-42A3-9474-1A3956D46DE8}") = "Solution Items", "Solution Items", "{C8EEC26A-A32B-4498-B00D-24A1AE2E0188}"
	ProjectSection(SolutionItems) = preProject
		.editorconfig = .editorconfig
	EndProjectSection
EndProject
Global
	GlobalSection(SharedMSBuildProjectFiles) = preSolution
		..\Shared\UiPath.Shared.Activities\UiPath.Shared.Activities.projitems*{4546856d-ea50-45c6-9419-eeeacb5a80aa}*SharedItemsImports = 13
		..\Shared\UiPath.Shared.Activities.Design\UiPath.Shared.Activities.Design.projitems*{df9c43f0-add3-4fbf-995e-84b92f9cbf25}*SharedItemsImports = 13
	EndGlobalSection
	GlobalSection(SolutionConfigurationPlatforms) = preSolution
		Debug|Any CPU = Debug|Any CPU
		Release|Any CPU = Release|Any CPU
	EndGlobalSection
	GlobalSection(ProjectConfigurationPlatforms) = postSolution
		{1CB6A77F-8BA8-443B-97E5-11E6CADBA8B7}.Debug|Any CPU.ActiveCfg = Debug|Any CPU
		{1CB6A77F-8BA8-443B-97E5-11E6CADBA8B7}.Debug|Any CPU.Build.0 = Debug|Any CPU
		{1CB6A77F-8BA8-443B-97E5-11E6CADBA8B7}.Release|Any CPU.ActiveCfg = Release|Any CPU
		{1CB6A77F-8BA8-443B-97E5-11E6CADBA8B7}.Release|Any CPU.Build.0 = Release|Any CPU
		{87182C26-9E39-4E62-8267-812A505943A0}.Debug|Any CPU.ActiveCfg = Debug|Any CPU
		{87182C26-9E39-4E62-8267-812A505943A0}.Debug|Any CPU.Build.0 = Debug|Any CPU
		{87182C26-9E39-4E62-8267-812A505943A0}.Release|Any CPU.ActiveCfg = Release|Any CPU
		{87182C26-9E39-4E62-8267-812A505943A0}.Release|Any CPU.Build.0 = Release|Any CPU
		{08AF02CF-4C7E-4322-885C-0A6C71336249}.Debug|Any CPU.ActiveCfg = Debug|Any CPU
		{08AF02CF-4C7E-4322-885C-0A6C71336249}.Debug|Any CPU.Build.0 = Debug|Any CPU
		{08AF02CF-4C7E-4322-885C-0A6C71336249}.Release|Any CPU.ActiveCfg = Release|Any CPU
		{08AF02CF-4C7E-4322-885C-0A6C71336249}.Release|Any CPU.Build.0 = Release|Any CPU
	EndGlobalSection
	GlobalSection(SolutionProperties) = preSolution
		HideSolutionNode = FALSE
	EndGlobalSection
	GlobalSection(NestedProjects) = preSolution
		{1CB6A77F-8BA8-443B-97E5-11E6CADBA8B7} = {1B161079-2A76-4ADF-843E-6A0189131B09}
		{87182C26-9E39-4E62-8267-812A505943A0} = {1B161079-2A76-4ADF-843E-6A0189131B09}
		{08AF02CF-4C7E-4322-885C-0A6C71336249} = {1B161079-2A76-4ADF-843E-6A0189131B09}
		{4546856D-EA50-45C6-9419-EEEACB5A80AA} = {9C5C9779-D586-4173-A281-879F30176288}
		{DF9C43F0-ADD3-4FBF-995E-84B92F9CBF25} = {9C5C9779-D586-4173-A281-879F30176288}
	EndGlobalSection
	GlobalSection(ExtensibilityGlobals) = postSolution
		SolutionGuid = {EB262800-AE41-4A75-B7B0-01D152E6A297}
	EndGlobalSection
EndGlobal
